// !$*UTF8*$!
{
	archiveVersion = 1;
	classes = {
	};
	objectVersion = 55;
	objects = {

/* Begin PBXBuildFile section */
		401E8A28282908270028D46E /* WorkoutPage.swift in Sources */ = {isa = PBXBuildFile; fileRef = 401E8A27282908270028D46E /* WorkoutPage.swift */; };
		401E8A29282908270028D46E /* WorkoutPage.swift in Sources */ = {isa = PBXBuildFile; fileRef = 401E8A27282908270028D46E /* WorkoutPage.swift */; };
		401E8A2B282911FF0028D46E /* SetSheet.swift in Sources */ = {isa = PBXBuildFile; fileRef = 401E8A2A282911FF0028D46E /* SetSheet.swift */; };
		401E8A2C282911FF0028D46E /* SetSheet.swift in Sources */ = {isa = PBXBuildFile; fileRef = 401E8A2A282911FF0028D46E /* SetSheet.swift */; };
		401E8A2E282939300028D46E /* FilteredList.swift in Sources */ = {isa = PBXBuildFile; fileRef = 401E8A2D282939300028D46E /* FilteredList.swift */; };
		401E8A2F282939300028D46E /* FilteredList.swift in Sources */ = {isa = PBXBuildFile; fileRef = 401E8A2D282939300028D46E /* FilteredList.swift */; };
		40A75D2E2828F8C200045500 /* Tests_iOS.swift in Sources */ = {isa = PBXBuildFile; fileRef = 40A75D2D2828F8C200045500 /* Tests_iOS.swift */; };
		40A75D302828F8C200045500 /* Tests_iOSLaunchTests.swift in Sources */ = {isa = PBXBuildFile; fileRef = 40A75D2F2828F8C200045500 /* Tests_iOSLaunchTests.swift */; };
		40A75D3A2828F8C200045500 /* Tests_macOS.swift in Sources */ = {isa = PBXBuildFile; fileRef = 40A75D392828F8C200045500 /* Tests_macOS.swift */; };
		40A75D3C2828F8C200045500 /* Tests_macOSLaunchTests.swift in Sources */ = {isa = PBXBuildFile; fileRef = 40A75D3B2828F8C200045500 /* Tests_macOSLaunchTests.swift */; };
		40A75D3D2828F8C200045500 /* workout_planner.xcdatamodeld in Sources */ = {isa = PBXBuildFile; fileRef = 40A75D122828F8C000045500 /* workout_planner.xcdatamodeld */; };
		40A75D3E2828F8C200045500 /* workout_planner.xcdatamodeld in Sources */ = {isa = PBXBuildFile; fileRef = 40A75D122828F8C000045500 /* workout_planner.xcdatamodeld */; };
		40A75D3F2828F8C200045500 /* workout_plannerApp.swift in Sources */ = {isa = PBXBuildFile; fileRef = 40A75D142828F8C000045500 /* workout_plannerApp.swift */; };
		40A75D402828F8C200045500 /* workout_plannerApp.swift in Sources */ = {isa = PBXBuildFile; fileRef = 40A75D142828F8C000045500 /* workout_plannerApp.swift */; };
		40A75D412828F8C200045500 /* ContentView.swift in Sources */ = {isa = PBXBuildFile; fileRef = 40A75D152828F8C000045500 /* ContentView.swift */; };
		40A75D422828F8C200045500 /* ContentView.swift in Sources */ = {isa = PBXBuildFile; fileRef = 40A75D152828F8C000045500 /* ContentView.swift */; };
		40A75D432828F8C200045500 /* Persistence.swift in Sources */ = {isa = PBXBuildFile; fileRef = 40A75D162828F8C000045500 /* Persistence.swift */; };
		40A75D442828F8C200045500 /* Persistence.swift in Sources */ = {isa = PBXBuildFile; fileRef = 40A75D162828F8C000045500 /* Persistence.swift */; };
		40A75D452828F8C200045500 /* Assets.xcassets in Resources */ = {isa = PBXBuildFile; fileRef = 40A75D172828F8C200045500 /* Assets.xcassets */; };
		40A75D462828F8C200045500 /* Assets.xcassets in Resources */ = {isa = PBXBuildFile; fileRef = 40A75D172828F8C200045500 /* Assets.xcassets */; };
		40A75D562829020700045500 /* WorkoutSheet.swift in Sources */ = {isa = PBXBuildFile; fileRef = 40A75D552829020700045500 /* WorkoutSheet.swift */; };
		40A75D572829020700045500 /* WorkoutSheet.swift in Sources */ = {isa = PBXBuildFile; fileRef = 40A75D552829020700045500 /* WorkoutSheet.swift */; };
/* End PBXBuildFile section */

/* Begin PBXContainerItemProxy section */
		40A75D2A2828F8C200045500 /* PBXContainerItemProxy */ = {
			isa = PBXContainerItemProxy;
			containerPortal = 40A75D0D2828F8C000045500 /* Project object */;
			proxyType = 1;
			remoteGlobalIDString = 40A75D1B2828F8C200045500;
			remoteInfo = "workout-planner (iOS)";
		};
		40A75D362828F8C200045500 /* PBXContainerItemProxy */ = {
			isa = PBXContainerItemProxy;
			containerPortal = 40A75D0D2828F8C000045500 /* Project object */;
			proxyType = 1;
			remoteGlobalIDString = 40A75D212828F8C200045500;
			remoteInfo = "workout-planner (macOS)";
		};
/* End PBXContainerItemProxy section */

/* Begin PBXFileReference section */
		401E8A27282908270028D46E /* WorkoutPage.swift */ = {isa = PBXFileReference; lastKnownFileType = sourcecode.swift; path = WorkoutPage.swift; sourceTree = "<group>"; };
		401E8A2A282911FF0028D46E /* SetSheet.swift */ = {isa = PBXFileReference; lastKnownFileType = sourcecode.swift; path = SetSheet.swift; sourceTree = "<group>"; };
		401E8A2D282939300028D46E /* FilteredList.swift */ = {isa = PBXFileReference; lastKnownFileType = sourcecode.swift; path = FilteredList.swift; sourceTree = "<group>"; };
		40A75D132828F8C000045500 /* Shared.xcdatamodel */ = {isa = PBXFileReference; lastKnownFileType = wrapper.xcdatamodel; path = Shared.xcdatamodel; sourceTree = "<group>"; };
		40A75D142828F8C000045500 /* workout_plannerApp.swift */ = {isa = PBXFileReference; lastKnownFileType = sourcecode.swift; path = workout_plannerApp.swift; sourceTree = "<group>"; };
		40A75D152828F8C000045500 /* ContentView.swift */ = {isa = PBXFileReference; lastKnownFileType = sourcecode.swift; path = ContentView.swift; sourceTree = "<group>"; };
		40A75D162828F8C000045500 /* Persistence.swift */ = {isa = PBXFileReference; lastKnownFileType = sourcecode.swift; path = Persistence.swift; sourceTree = "<group>"; };
		40A75D172828F8C200045500 /* Assets.xcassets */ = {isa = PBXFileReference; lastKnownFileType = folder.assetcatalog; path = Assets.xcassets; sourceTree = "<group>"; };
		40A75D1C2828F8C200045500 /* workout-planner.app */ = {isa = PBXFileReference; explicitFileType = wrapper.application; includeInIndex = 0; path = "workout-planner.app"; sourceTree = BUILT_PRODUCTS_DIR; };
		40A75D222828F8C200045500 /* workout-planner.app */ = {isa = PBXFileReference; explicitFileType = wrapper.application; includeInIndex = 0; path = "workout-planner.app"; sourceTree = BUILT_PRODUCTS_DIR; };
		40A75D242828F8C200045500 /* macOS.entitlements */ = {isa = PBXFileReference; lastKnownFileType = text.plist.entitlements; path = macOS.entitlements; sourceTree = "<group>"; };
		40A75D292828F8C200045500 /* Tests iOS.xctest */ = {isa = PBXFileReference; explicitFileType = wrapper.cfbundle; includeInIndex = 0; path = "Tests iOS.xctest"; sourceTree = BUILT_PRODUCTS_DIR; };
		40A75D2D2828F8C200045500 /* Tests_iOS.swift */ = {isa = PBXFileReference; lastKnownFileType = sourcecode.swift; path = Tests_iOS.swift; sourceTree = "<group>"; };
		40A75D2F2828F8C200045500 /* Tests_iOSLaunchTests.swift */ = {isa = PBXFileReference; lastKnownFileType = sourcecode.swift; path = Tests_iOSLaunchTests.swift; sourceTree = "<group>"; };
		40A75D352828F8C200045500 /* Tests macOS.xctest */ = {isa = PBXFileReference; explicitFileType = wrapper.cfbundle; includeInIndex = 0; path = "Tests macOS.xctest"; sourceTree = BUILT_PRODUCTS_DIR; };
		40A75D392828F8C200045500 /* Tests_macOS.swift */ = {isa = PBXFileReference; lastKnownFileType = sourcecode.swift; path = Tests_macOS.swift; sourceTree = "<group>"; };
		40A75D3B2828F8C200045500 /* Tests_macOSLaunchTests.swift */ = {isa = PBXFileReference; lastKnownFileType = sourcecode.swift; path = Tests_macOSLaunchTests.swift; sourceTree = "<group>"; };
		40A75D552829020700045500 /* WorkoutSheet.swift */ = {isa = PBXFileReference; lastKnownFileType = sourcecode.swift; path = WorkoutSheet.swift; sourceTree = "<group>"; };
/* End PBXFileReference section */

/* Begin PBXFrameworksBuildPhase section */
		40A75D192828F8C200045500 /* Frameworks */ = {
			isa = PBXFrameworksBuildPhase;
			buildActionMask = 2147483647;
			files = (
			);
			runOnlyForDeploymentPostprocessing = 0;
		};
		40A75D1F2828F8C200045500 /* Frameworks */ = {
			isa = PBXFrameworksBuildPhase;
			buildActionMask = 2147483647;
			files = (
			);
			runOnlyForDeploymentPostprocessing = 0;
		};
		40A75D262828F8C200045500 /* Frameworks */ = {
			isa = PBXFrameworksBuildPhase;
			buildActionMask = 2147483647;
			files = (
			);
			runOnlyForDeploymentPostprocessing = 0;
		};
		40A75D322828F8C200045500 /* Frameworks */ = {
			isa = PBXFrameworksBuildPhase;
			buildActionMask = 2147483647;
			files = (
			);
			runOnlyForDeploymentPostprocessing = 0;
		};
/* End PBXFrameworksBuildPhase section */

/* Begin PBXGroup section */
		40A75D0C2828F8C000045500 = {
			isa = PBXGroup;
			children = (
				40A75D112828F8C000045500 /* Shared */,
				40A75D232828F8C200045500 /* macOS */,
				40A75D2C2828F8C200045500 /* Tests iOS */,
				40A75D382828F8C200045500 /* Tests macOS */,
				40A75D1D2828F8C200045500 /* Products */,
			);
			sourceTree = "<group>";
		};
		40A75D112828F8C000045500 /* Shared */ = {
			isa = PBXGroup;
			children = (
				40A75D142828F8C000045500 /* workout_plannerApp.swift */,
				40A75D152828F8C000045500 /* ContentView.swift */,
				40A75D162828F8C000045500 /* Persistence.swift */,
				40A75D172828F8C200045500 /* Assets.xcassets */,
				40A75D122828F8C000045500 /* workout_planner.xcdatamodeld */,
				40A75D552829020700045500 /* WorkoutSheet.swift */,
				401E8A27282908270028D46E /* WorkoutPage.swift */,
				401E8A2A282911FF0028D46E /* SetSheet.swift */,
				401E8A2D282939300028D46E /* FilteredList.swift */,
			);
			path = Shared;
			sourceTree = "<group>";
		};
		40A75D1D2828F8C200045500 /* Products */ = {
			isa = PBXGroup;
			children = (
				40A75D1C2828F8C200045500 /* workout-planner.app */,
				40A75D222828F8C200045500 /* workout-planner.app */,
				40A75D292828F8C200045500 /* Tests iOS.xctest */,
				40A75D352828F8C200045500 /* Tests macOS.xctest */,
			);
			name = Products;
			sourceTree = "<group>";
		};
		40A75D232828F8C200045500 /* macOS */ = {
			isa = PBXGroup;
			children = (
				40A75D242828F8C200045500 /* macOS.entitlements */,
			);
			path = macOS;
			sourceTree = "<group>";
		};
		40A75D2C2828F8C200045500 /* Tests iOS */ = {
			isa = PBXGroup;
			children = (
				40A75D2D2828F8C200045500 /* Tests_iOS.swift */,
				40A75D2F2828F8C200045500 /* Tests_iOSLaunchTests.swift */,
			);
			path = "Tests iOS";
			sourceTree = "<group>";
		};
		40A75D382828F8C200045500 /* Tests macOS */ = {
			isa = PBXGroup;
			children = (
				40A75D392828F8C200045500 /* Tests_macOS.swift */,
				40A75D3B2828F8C200045500 /* Tests_macOSLaunchTests.swift */,
			);
			path = "Tests macOS";
			sourceTree = "<group>";
		};
/* End PBXGroup section */

/* Begin PBXNativeTarget section */
		40A75D1B2828F8C200045500 /* workout-planner (iOS) */ = {
			isa = PBXNativeTarget;
			buildConfigurationList = 40A75D492828F8C200045500 /* Build configuration list for PBXNativeTarget "workout-planner (iOS)" */;
			buildPhases = (
				40A75D182828F8C200045500 /* Sources */,
				40A75D192828F8C200045500 /* Frameworks */,
				40A75D1A2828F8C200045500 /* Resources */,
			);
			buildRules = (
			);
			dependencies = (
			);
			name = "workout-planner (iOS)";
			productName = "workout-planner (iOS)";
			productReference = 40A75D1C2828F8C200045500 /* workout-planner.app */;
			productType = "com.apple.product-type.application";
		};
		40A75D212828F8C200045500 /* workout-planner (macOS) */ = {
			isa = PBXNativeTarget;
			buildConfigurationList = 40A75D4C2828F8C200045500 /* Build configuration list for PBXNativeTarget "workout-planner (macOS)" */;
			buildPhases = (
				40A75D1E2828F8C200045500 /* Sources */,
				40A75D1F2828F8C200045500 /* Frameworks */,
				40A75D202828F8C200045500 /* Resources */,
			);
			buildRules = (
			);
			dependencies = (
			);
			name = "workout-planner (macOS)";
			productName = "workout-planner (macOS)";
			productReference = 40A75D222828F8C200045500 /* workout-planner.app */;
			productType = "com.apple.product-type.application";
		};
		40A75D282828F8C200045500 /* Tests iOS */ = {
			isa = PBXNativeTarget;
			buildConfigurationList = 40A75D4F2828F8C200045500 /* Build configuration list for PBXNativeTarget "Tests iOS" */;
			buildPhases = (
				40A75D252828F8C200045500 /* Sources */,
				40A75D262828F8C200045500 /* Frameworks */,
				40A75D272828F8C200045500 /* Resources */,
			);
			buildRules = (
			);
			dependencies = (
				40A75D2B2828F8C200045500 /* PBXTargetDependency */,
			);
			name = "Tests iOS";
			productName = "Tests iOS";
			productReference = 40A75D292828F8C200045500 /* Tests iOS.xctest */;
			productType = "com.apple.product-type.bundle.ui-testing";
		};
		40A75D342828F8C200045500 /* Tests macOS */ = {
			isa = PBXNativeTarget;
			buildConfigurationList = 40A75D522828F8C200045500 /* Build configuration list for PBXNativeTarget "Tests macOS" */;
			buildPhases = (
				40A75D312828F8C200045500 /* Sources */,
				40A75D322828F8C200045500 /* Frameworks */,
				40A75D332828F8C200045500 /* Resources */,
			);
			buildRules = (
			);
			dependencies = (
				40A75D372828F8C200045500 /* PBXTargetDependency */,
			);
			name = "Tests macOS";
			productName = "Tests macOS";
			productReference = 40A75D352828F8C200045500 /* Tests macOS.xctest */;
			productType = "com.apple.product-type.bundle.ui-testing";
		};
/* End PBXNativeTarget section */

/* Begin PBXProject section */
		40A75D0D2828F8C000045500 /* Project object */ = {
			isa = PBXProject;
			attributes = {
				BuildIndependentTargetsInParallel = 1;
				LastSwiftUpdateCheck = 1330;
				LastUpgradeCheck = 1330;
				TargetAttributes = {
					40A75D1B2828F8C200045500 = {
						CreatedOnToolsVersion = 13.3.1;
					};
					40A75D212828F8C200045500 = {
						CreatedOnToolsVersion = 13.3.1;
					};
					40A75D282828F8C200045500 = {
						CreatedOnToolsVersion = 13.3.1;
						TestTargetID = 40A75D1B2828F8C200045500;
					};
					40A75D342828F8C200045500 = {
						CreatedOnToolsVersion = 13.3.1;
						TestTargetID = 40A75D212828F8C200045500;
					};
				};
			};
			buildConfigurationList = 40A75D102828F8C000045500 /* Build configuration list for PBXProject "workout-planner" */;
			compatibilityVersion = "Xcode 13.0";
			developmentRegion = en;
			hasScannedForEncodings = 0;
			knownRegions = (
				en,
				Base,
			);
			mainGroup = 40A75D0C2828F8C000045500;
			productRefGroup = 40A75D1D2828F8C200045500 /* Products */;
			projectDirPath = "";
			projectRoot = "";
			targets = (
				40A75D1B2828F8C200045500 /* workout-planner (iOS) */,
				40A75D212828F8C200045500 /* workout-planner (macOS) */,
				40A75D282828F8C200045500 /* Tests iOS */,
				40A75D342828F8C200045500 /* Tests macOS */,
			);
		};
/* End PBXProject section */

/* Begin PBXResourcesBuildPhase section */
		40A75D1A2828F8C200045500 /* Resources */ = {
			isa = PBXResourcesBuildPhase;
			buildActionMask = 2147483647;
			files = (
				40A75D452828F8C200045500 /* Assets.xcassets in Resources */,
			);
			runOnlyForDeploymentPostprocessing = 0;
		};
		40A75D202828F8C200045500 /* Resources */ = {
			isa = PBXResourcesBuildPhase;
			buildActionMask = 2147483647;
			files = (
				40A75D462828F8C200045500 /* Assets.xcassets in Resources */,
			);
			runOnlyForDeploymentPostprocessing = 0;
		};
		40A75D272828F8C200045500 /* Resources */ = {
			isa = PBXResourcesBuildPhase;
			buildActionMask = 2147483647;
			files = (
			);
			runOnlyForDeploymentPostprocessing = 0;
		};
		40A75D332828F8C200045500 /* Resources */ = {
			isa = PBXResourcesBuildPhase;
			buildActionMask = 2147483647;
			files = (
			);
			runOnlyForDeploymentPostprocessing = 0;
		};
/* End PBXResourcesBuildPhase section */

/* Begin PBXSourcesBuildPhase section */
		40A75D182828F8C200045500 /* Sources */ = {
			isa = PBXSourcesBuildPhase;
			buildActionMask = 2147483647;
			files = (
				401E8A2E282939300028D46E /* FilteredList.swift in Sources */,
				401E8A28282908270028D46E /* WorkoutPage.swift in Sources */,
				40A75D3F2828F8C200045500 /* workout_plannerApp.swift in Sources */,
				40A75D432828F8C200045500 /* Persistence.swift in Sources */,
				40A75D562829020700045500 /* WorkoutSheet.swift in Sources */,
				401E8A2B282911FF0028D46E /* SetSheet.swift in Sources */,
				40A75D3D2828F8C200045500 /* workout_planner.xcdatamodeld in Sources */,
				40A75D412828F8C200045500 /* ContentView.swift in Sources */,
			);
			runOnlyForDeploymentPostprocessing = 0;
		};
		40A75D1E2828F8C200045500 /* Sources */ = {
			isa = PBXSourcesBuildPhase;
			buildActionMask = 2147483647;
			files = (
				401E8A2F282939300028D46E /* FilteredList.swift in Sources */,
				401E8A29282908270028D46E /* WorkoutPage.swift in Sources */,
				40A75D402828F8C200045500 /* workout_plannerApp.swift in Sources */,
				40A75D442828F8C200045500 /* Persistence.swift in Sources */,
				40A75D572829020700045500 /* WorkoutSheet.swift in Sources */,
				401E8A2C282911FF0028D46E /* SetSheet.swift in Sources */,
				40A75D3E2828F8C200045500 /* workout_planner.xcdatamodeld in Sources */,
				40A75D422828F8C200045500 /* ContentView.swift in Sources */,
			);
			runOnlyForDeploymentPostprocessing = 0;
		};
		40A75D252828F8C200045500 /* Sources */ = {
			isa = PBXSourcesBuildPhase;
			buildActionMask = 2147483647;
			files = (
				40A75D302828F8C200045500 /* Tests_iOSLaunchTests.swift in Sources */,
				40A75D2E2828F8C200045500 /* Tests_iOS.swift in Sources */,
			);
			runOnlyForDeploymentPostprocessing = 0;
		};
		40A75D312828F8C200045500 /* Sources */ = {
			isa = PBXSourcesBuildPhase;
			buildActionMask = 2147483647;
			files = (
				40A75D3C2828F8C200045500 /* Tests_macOSLaunchTests.swift in Sources */,
				40A75D3A2828F8C200045500 /* Tests_macOS.swift in Sources */,
			);
			runOnlyForDeploymentPostprocessing = 0;
		};
/* End PBXSourcesBuildPhase section */

/* Begin PBXTargetDependency section */
		40A75D2B2828F8C200045500 /* PBXTargetDependency */ = {
			isa = PBXTargetDependency;
			target = 40A75D1B2828F8C200045500 /* workout-planner (iOS) */;
			targetProxy = 40A75D2A2828F8C200045500 /* PBXContainerItemProxy */;
		};
		40A75D372828F8C200045500 /* PBXTargetDependency */ = {
			isa = PBXTargetDependency;
			target = 40A75D212828F8C200045500 /* workout-planner (macOS) */;
			targetProxy = 40A75D362828F8C200045500 /* PBXContainerItemProxy */;
		};
/* End PBXTargetDependency section */

/* Begin XCBuildConfiguration section */
		40A75D472828F8C200045500 /* Debug */ = {
			isa = XCBuildConfiguration;
			buildSettings = {
				ALWAYS_SEARCH_USER_PATHS = NO;
				CLANG_ANALYZER_NONNULL = YES;
				CLANG_ANALYZER_NUMBER_OBJECT_CONVERSION = YES_AGGRESSIVE;
				CLANG_CXX_LANGUAGE_STANDARD = "gnu++17";
				CLANG_ENABLE_MODULES = YES;
				CLANG_ENABLE_OBJC_ARC = YES;
				CLANG_ENABLE_OBJC_WEAK = YES;
				CLANG_WARN_BLOCK_CAPTURE_AUTORELEASING = YES;
				CLANG_WARN_BOOL_CONVERSION = YES;
				CLANG_WARN_COMMA = YES;
				CLANG_WARN_CONSTANT_CONVERSION = YES;
				CLANG_WARN_DEPRECATED_OBJC_IMPLEMENTATIONS = YES;
				CLANG_WARN_DIRECT_OBJC_ISA_USAGE = YES_ERROR;
				CLANG_WARN_DOCUMENTATION_COMMENTS = YES;
				CLANG_WARN_EMPTY_BODY = YES;
				CLANG_WARN_ENUM_CONVERSION = YES;
				CLANG_WARN_INFINITE_RECURSION = YES;
				CLANG_WARN_INT_CONVERSION = YES;
				CLANG_WARN_NON_LITERAL_NULL_CONVERSION = YES;
				CLANG_WARN_OBJC_IMPLICIT_RETAIN_SELF = YES;
				CLANG_WARN_OBJC_LITERAL_CONVERSION = YES;
				CLANG_WARN_OBJC_ROOT_CLASS = YES_ERROR;
				CLANG_WARN_QUOTED_INCLUDE_IN_FRAMEWORK_HEADER = YES;
				CLANG_WARN_RANGE_LOOP_ANALYSIS = YES;
				CLANG_WARN_STRICT_PROTOTYPES = YES;
				CLANG_WARN_SUSPICIOUS_MOVE = YES;
				CLANG_WARN_UNGUARDED_AVAILABILITY = YES_AGGRESSIVE;
				CLANG_WARN_UNREACHABLE_CODE = YES;
				CLANG_WARN__DUPLICATE_METHOD_MATCH = YES;
				COPY_PHASE_STRIP = NO;
				DEBUG_INFORMATION_FORMAT = dwarf;
				ENABLE_STRICT_OBJC_MSGSEND = YES;
				ENABLE_TESTABILITY = YES;
				GCC_C_LANGUAGE_STANDARD = gnu11;
				GCC_DYNAMIC_NO_PIC = NO;
				GCC_NO_COMMON_BLOCKS = YES;
				GCC_OPTIMIZATION_LEVEL = 0;
				GCC_PREPROCESSOR_DEFINITIONS = (
					"DEBUG=1",
					"$(inherited)",
				);
				GCC_WARN_64_TO_32_BIT_CONVERSION = YES;
				GCC_WARN_ABOUT_RETURN_TYPE = YES_ERROR;
				GCC_WARN_UNDECLARED_SELECTOR = YES;
				GCC_WARN_UNINITIALIZED_AUTOS = YES_AGGRESSIVE;
				GCC_WARN_UNUSED_FUNCTION = YES;
				GCC_WARN_UNUSED_VARIABLE = YES;
				MTL_ENABLE_DEBUG_INFO = INCLUDE_SOURCE;
				MTL_FAST_MATH = YES;
				ONLY_ACTIVE_ARCH = YES;
				SWIFT_ACTIVE_COMPILATION_CONDITIONS = DEBUG;
				SWIFT_OPTIMIZATION_LEVEL = "-Onone";
			};
			name = Debug;
		};
		40A75D482828F8C200045500 /* Release */ = {
			isa = XCBuildConfiguration;
			buildSettings = {
				ALWAYS_SEARCH_USER_PATHS = NO;
				CLANG_ANALYZER_NONNULL = YES;
				CLANG_ANALYZER_NUMBER_OBJECT_CONVERSION = YES_AGGRESSIVE;
				CLANG_CXX_LANGUAGE_STANDARD = "gnu++17";
				CLANG_ENABLE_MODULES = YES;
				CLANG_ENABLE_OBJC_ARC = YES;
				CLANG_ENABLE_OBJC_WEAK = YES;
				CLANG_WARN_BLOCK_CAPTURE_AUTORELEASING = YES;
				CLANG_WARN_BOOL_CONVERSION = YES;
				CLANG_WARN_COMMA = YES;
				CLANG_WARN_CONSTANT_CONVERSION = YES;
				CLANG_WARN_DEPRECATED_OBJC_IMPLEMENTATIONS = YES;
				CLANG_WARN_DIRECT_OBJC_ISA_USAGE = YES_ERROR;
				CLANG_WARN_DOCUMENTATION_COMMENTS = YES;
				CLANG_WARN_EMPTY_BODY = YES;
				CLANG_WARN_ENUM_CONVERSION = YES;
				CLANG_WARN_INFINITE_RECURSION = YES;
				CLANG_WARN_INT_CONVERSION = YES;
				CLANG_WARN_NON_LITERAL_NULL_CONVERSION = YES;
				CLANG_WARN_OBJC_IMPLICIT_RETAIN_SELF = YES;
				CLANG_WARN_OBJC_LITERAL_CONVERSION = YES;
				CLANG_WARN_OBJC_ROOT_CLASS = YES_ERROR;
				CLANG_WARN_QUOTED_INCLUDE_IN_FRAMEWORK_HEADER = YES;
				CLANG_WARN_RANGE_LOOP_ANALYSIS = YES;
				CLANG_WARN_STRICT_PROTOTYPES = YES;
				CLANG_WARN_SUSPICIOUS_MOVE = YES;
				CLANG_WARN_UNGUARDED_AVAILABILITY = YES_AGGRESSIVE;
				CLANG_WARN_UNREACHABLE_CODE = YES;
				CLANG_WARN__DUPLICATE_METHOD_MATCH = YES;
				COPY_PHASE_STRIP = NO;
				DEBUG_INFORMATION_FORMAT = "dwarf-with-dsym";
				ENABLE_NS_ASSERTIONS = NO;
				ENABLE_STRICT_OBJC_MSGSEND = YES;
				GCC_C_LANGUAGE_STANDARD = gnu11;
				GCC_NO_COMMON_BLOCKS = YES;
				GCC_WARN_64_TO_32_BIT_CONVERSION = YES;
				GCC_WARN_ABOUT_RETURN_TYPE = YES_ERROR;
				GCC_WARN_UNDECLARED_SELECTOR = YES;
				GCC_WARN_UNINITIALIZED_AUTOS = YES_AGGRESSIVE;
				GCC_WARN_UNUSED_FUNCTION = YES;
				GCC_WARN_UNUSED_VARIABLE = YES;
				MTL_ENABLE_DEBUG_INFO = NO;
				MTL_FAST_MATH = YES;
				SWIFT_COMPILATION_MODE = wholemodule;
				SWIFT_OPTIMIZATION_LEVEL = "-O";
			};
			name = Release;
		};
		40A75D4A2828F8C200045500 /* Debug */ = {
			isa = XCBuildConfiguration;
			buildSettings = {
				ASSETCATALOG_COMPILER_APPICON_NAME = AppIcon;
				ASSETCATALOG_COMPILER_GLOBAL_ACCENT_COLOR_NAME = AccentColor;
				CODE_SIGN_STYLE = Automatic;
				CURRENT_PROJECT_VERSION = 1;
				DEVELOPMENT_TEAM = 2247Y8KST8;
				ENABLE_PREVIEWS = YES;
				GENERATE_INFOPLIST_FILE = YES;
				INFOPLIST_KEY_UIApplicationSceneManifest_Generation = YES;
				INFOPLIST_KEY_UIApplicationSupportsIndirectInputEvents = YES;
				INFOPLIST_KEY_UILaunchScreen_Generation = YES;
				INFOPLIST_KEY_UISupportedInterfaceOrientations_iPad = "UIInterfaceOrientationPortrait UIInterfaceOrientationPortraitUpsideDown UIInterfaceOrientationLandscapeLeft UIInterfaceOrientationLandscapeRight";
				INFOPLIST_KEY_UISupportedInterfaceOrientations_iPhone = "UIInterfaceOrientationPortrait UIInterfaceOrientationLandscapeLeft UIInterfaceOrientationLandscapeRight";
				IPHONEOS_DEPLOYMENT_TARGET = 15.4;
				LD_RUNPATH_SEARCH_PATHS = (
					"$(inherited)",
					"@executable_path/Frameworks",
				);
				MARKETING_VERSION = 1.0;
				PRODUCT_BUNDLE_IDENTIFIER = "com.leodriesch.workout-planner";
				PRODUCT_NAME = "workout-planner";
				SDKROOT = iphoneos;
				SWIFT_EMIT_LOC_STRINGS = YES;
				SWIFT_VERSION = 5.0;
				TARGETED_DEVICE_FAMILY = "1,2";
			};
			name = Debug;
		};
		40A75D4B2828F8C200045500 /* Release */ = {
			isa = XCBuildConfiguration;
			buildSettings = {
				ASSETCATALOG_COMPILER_APPICON_NAME = AppIcon;
				ASSETCATALOG_COMPILER_GLOBAL_ACCENT_COLOR_NAME = AccentColor;
				CODE_SIGN_STYLE = Automatic;
				CURRENT_PROJECT_VERSION = 1;
				DEVELOPMENT_TEAM = 2247Y8KST8;
				ENABLE_PREVIEWS = YES;
				GENERATE_INFOPLIST_FILE = YES;
				INFOPLIST_KEY_UIApplicationSceneManifest_Generation = YES;
				INFOPLIST_KEY_UIApplicationSupportsIndirectInputEvents = YES;
				INFOPLIST_KEY_UILaunchScreen_Generation = YES;
				INFOPLIST_KEY_UISupportedInterfaceOrientations_iPad = "UIInterfaceOrientationPortrait UIInterfaceOrientationPortraitUpsideDown UIInterfaceOrientationLandscapeLeft UIInterfaceOrientationLandscapeRight";
				INFOPLIST_KEY_UISupportedInterfaceOrientations_iPhone = "UIInterfaceOrientationPortrait UIInterfaceOrientationLandscapeLeft UIInterfaceOrientationLandscapeRight";
				IPHONEOS_DEPLOYMENT_TARGET = 15.4;
				LD_RUNPATH_SEARCH_PATHS = (
					"$(inherited)",
					"@executable_path/Frameworks",
				);
				MARKETING_VERSION = 1.0;
				PRODUCT_BUNDLE_IDENTIFIER = "com.leodriesch.workout-planner";
				PRODUCT_NAME = "workout-planner";
				SDKROOT = iphoneos;
				SWIFT_EMIT_LOC_STRINGS = YES;
				SWIFT_VERSION = 5.0;
				TARGETED_DEVICE_FAMILY = "1,2";
				VALIDATE_PRODUCT = YES;
			};
			name = Release;
		};
		40A75D4D2828F8C200045500 /* Debug */ = {
			isa = XCBuildConfiguration;
			buildSettings = {
				ASSETCATALOG_COMPILER_APPICON_NAME = AppIcon;
				ASSETCATALOG_COMPILER_GLOBAL_ACCENT_COLOR_NAME = AccentColor;
				CODE_SIGN_ENTITLEMENTS = macOS/macOS.entitlements;
				CODE_SIGN_STYLE = Automatic;
				COMBINE_HIDPI_IMAGES = YES;
				CURRENT_PROJECT_VERSION = 1;
				ENABLE_PREVIEWS = YES;
				GENERATE_INFOPLIST_FILE = YES;
				INFOPLIST_KEY_NSHumanReadableCopyright = "";
				LD_RUNPATH_SEARCH_PATHS = (
					"$(inherited)",
					"@executable_path/../Frameworks",
				);
				MACOSX_DEPLOYMENT_TARGET = 12.3;
				MARKETING_VERSION = 1.0;
				PRODUCT_BUNDLE_IDENTIFIER = "com.leodriesch.workout-planner";
				PRODUCT_NAME = "workout-planner";
				SDKROOT = macosx;
				SWIFT_EMIT_LOC_STRINGS = YES;
				SWIFT_VERSION = 5.0;
			};
			name = Debug;
		};
		40A75D4E2828F8C200045500 /* Release */ = {
			isa = XCBuildConfiguration;
			buildSettings = {
				ASSETCATALOG_COMPILER_APPICON_NAME = AppIcon;
				ASSETCATALOG_COMPILER_GLOBAL_ACCENT_COLOR_NAME = AccentColor;
				CODE_SIGN_ENTITLEMENTS = macOS/macOS.entitlements;
				CODE_SIGN_STYLE = Automatic;
				COMBINE_HIDPI_IMAGES = YES;
				CURRENT_PROJECT_VERSION = 1;
				ENABLE_PREVIEWS = YES;
				GENERATE_INFOPLIST_FILE = YES;
				INFOPLIST_KEY_NSHumanReadableCopyright = "";
				LD_RUNPATH_SEARCH_PATHS = (
					"$(inherited)",
					"@executable_path/../Frameworks",
				);
				MACOSX_DEPLOYMENT_TARGET = 12.3;
				MARKETING_VERSION = 1.0;
				PRODUCT_BUNDLE_IDENTIFIER = "com.leodriesch.workout-planner";
				PRODUCT_NAME = "workout-planner";
				SDKROOT = macosx;
				SWIFT_EMIT_LOC_STRINGS = YES;
				SWIFT_VERSION = 5.0;
			};
			name = Release;
		};
		40A75D502828F8C200045500 /* Debug */ = {
			isa = XCBuildConfiguration;
			buildSettings = {
				ALWAYS_EMBED_SWIFT_STANDARD_LIBRARIES = YES;
				CODE_SIGN_STYLE = Automatic;
				CURRENT_PROJECT_VERSION = 1;
				GENERATE_INFOPLIST_FILE = YES;
				IPHONEOS_DEPLOYMENT_TARGET = 15.4;
				MARKETING_VERSION = 1.0;
				PRODUCT_BUNDLE_IDENTIFIER = "com.leodriesch.Tests-iOS";
				PRODUCT_NAME = "$(TARGET_NAME)";
				SDKROOT = iphoneos;
				SWIFT_EMIT_LOC_STRINGS = NO;
				SWIFT_VERSION = 5.0;
				TARGETED_DEVICE_FAMILY = "1,2";
				TEST_TARGET_NAME = "workout-planner (iOS)";
			};
			name = Debug;
		};
		40A75D512828F8C200045500 /* Release */ = {
			isa = XCBuildConfiguration;
			buildSettings = {
				ALWAYS_EMBED_SWIFT_STANDARD_LIBRARIES = YES;
				CODE_SIGN_STYLE = Automatic;
				CURRENT_PROJECT_VERSION = 1;
				GENERATE_INFOPLIST_FILE = YES;
				IPHONEOS_DEPLOYMENT_TARGET = 15.4;
				MARKETING_VERSION = 1.0;
				PRODUCT_BUNDLE_IDENTIFIER = "com.leodriesch.Tests-iOS";
				PRODUCT_NAME = "$(TARGET_NAME)";
				SDKROOT = iphoneos;
				SWIFT_EMIT_LOC_STRINGS = NO;
				SWIFT_VERSION = 5.0;
				TARGETED_DEVICE_FAMILY = "1,2";
				TEST_TARGET_NAME = "workout-planner (iOS)";
				VALIDATE_PRODUCT = YES;
			};
			name = Release;
		};
		40A75D532828F8C200045500 /* Debug */ = {
			isa = XCBuildConfiguration;
			buildSettings = {
				ALWAYS_EMBED_SWIFT_STANDARD_LIBRARIES = YES;
				CODE_SIGN_STYLE = Automatic;
				CURRENT_PROJECT_VERSION = 1;
				GENERATE_INFOPLIST_FILE = YES;
				MACOSX_DEPLOYMENT_TARGET = 12.3;
				MARKETING_VERSION = 1.0;
				PRODUCT_BUNDLE_IDENTIFIER = "com.leodriesch.Tests-macOS";
				PRODUCT_NAME = "$(TARGET_NAME)";
				SDKROOT = macosx;
				SWIFT_EMIT_LOC_STRINGS = NO;
				SWIFT_VERSION = 5.0;
				TEST_TARGET_NAME = "workout-planner (macOS)";
			};
			name = Debug;
		};
		40A75D542828F8C200045500 /* Release */ = {
			isa = XCBuildConfiguration;
			buildSettings = {
				ALWAYS_EMBED_SWIFT_STANDARD_LIBRARIES = YES;
				CODE_SIGN_STYLE = Automatic;
				CURRENT_PROJECT_VERSION = 1;
				GENERATE_INFOPLIST_FILE = YES;
				MACOSX_DEPLOYMENT_TARGET = 12.3;
				MARKETING_VERSION = 1.0;
				PRODUCT_BUNDLE_IDENTIFIER = "com.leodriesch.Tests-macOS";
				PRODUCT_NAME = "$(TARGET_NAME)";
				SDKROOT = macosx;
				SWIFT_EMIT_LOC_STRINGS = NO;
				SWIFT_VERSION = 5.0;
				TEST_TARGET_NAME = "workout-planner (macOS)";
			};
			name = Release;
		};
/* End XCBuildConfiguration section */

/* Begin XCConfigurationList section */
		40A75D102828F8C000045500 /* Build configuration list for PBXProject "workout-planner" */ = {
			isa = XCConfigurationList;
			buildConfigurations = (
				40A75D472828F8C200045500 /* Debug */,
				40A75D482828F8C200045500 /* Release */,
			);
			defaultConfigurationIsVisible = 0;
			defaultConfigurationName = Release;
		};
		40A75D492828F8C200045500 /* Build configuration list for PBXNativeTarget "workout-planner (iOS)" */ = {
			isa = XCConfigurationList;
			buildConfigurations = (
				40A75D4A2828F8C200045500 /* Debug */,
				40A75D4B2828F8C200045500 /* Release */,
			);
			defaultConfigurationIsVisible = 0;
			defaultConfigurationName = Release;
		};
		40A75D4C2828F8C200045500 /* Build configuration list for PBXNativeTarget "workout-planner (macOS)" */ = {
			isa = XCConfigurationList;
			buildConfigurations = (
				40A75D4D2828F8C200045500 /* Debug */,
				40A75D4E2828F8C200045500 /* Release */,
			);
			defaultConfigurationIsVisible = 0;
			defaultConfigurationName = Release;
		};
		40A75D4F2828F8C200045500 /* Build configuration list for PBXNativeTarget "Tests iOS" */ = {
			isa = XCConfigurationList;
			buildConfigurations = (
				40A75D502828F8C200045500 /* Debug */,
				40A75D512828F8C200045500 /* Release */,
			);
			defaultConfigurationIsVisible = 0;
			defaultConfigurationName = Release;
		};
		40A75D522828F8C200045500 /* Build configuration list for PBXNativeTarget "Tests macOS" */ = {
			isa = XCConfigurationList;
			buildConfigurations = (
				40A75D532828F8C200045500 /* Debug */,
				40A75D542828F8C200045500 /* Release */,
			);
			defaultConfigurationIsVisible = 0;
			defaultConfigurationName = Release;
		};
/* End XCConfigurationList section */

/* Begin XCVersionGroup section */
		40A75D122828F8C000045500 /* workout_planner.xcdatamodeld */ = {
			isa = XCVersionGroup;
			children = (
				40A75D132828F8C000045500 /* Shared.xcdatamodel */,
			);
			currentVersion = 40A75D132828F8C000045500 /* Shared.xcdatamodel */;
			path = workout_planner.xcdatamodeld;
			sourceTree = "<group>";
			versionGroupType = wrapper.xcdatamodel;
		};
/* End XCVersionGroup section */
	};
	rootObject = 40A75D0D2828F8C000045500 /* Project object */;
}
